
Microsoft Visual Studio Solution File, Format Version 12.00
# Visual Studio 15
VisualStudioVersion = 15.0.28010.2036
MinimumVisualStudioVersion = 10.0.40219.1
Project("{FAE04EC0-301F-11D3-BF4B-00C04F79EFBC}") = "Hacktober", "Hacktober\Hacktober.csproj", "{D6AD6A3F-BF87-4454-9BC4-52D44E0260A0}"
EndProject
Global
	GlobalSection(SolutionConfigurationPlatforms) = preSolution
		Debug|Any CPU = Debug|Any CPU
		Release|Any CPU = Release|Any CPU
	EndGlobalSection
	GlobalSection(ProjectConfigurationPlatforms) = postSolution
		{D6AD6A3F-BF87-4454-9BC4-52D44E0260A0}.Debug|Any CPU.ActiveCfg = Debug|Any CPU
		{D6AD6A3F-BF87-4454-9BC4-52D44E0260A0}.Debug|Any CPU.Build.0 = Debug|Any CPU
		{D6AD6A3F-BF87-4454-9BC4-52D44E0260A0}.Release|Any CPU.ActiveCfg = Release|Any CPU
		{D6AD6A3F-BF87-4454-9BC4-52D44E0260A0}.Release|Any CPU.Build.0 = Release|Any CPU
	EndGlobalSection
	GlobalSection(SolutionProperties) = preSolution
		HideSolutionNode = FALSE
	EndGlobalSection
	GlobalSection(ExtensibilityGlobals) = postSolution
		SolutionGuid = {3A6827C9-70C8-4013-8DB3-244481E17BDE}
	EndGlobalSection
EndGlobal
